
Microsoft Visual Studio Solution File, Format Version 12.00
# Visual Studio Version 17
VisualStudioVersion = 17.5.33530.505
MinimumVisualStudioVersion = 10.0.40219.1
Project("{9A19103F-16F7-4668-BE54-9A1E7A4F7556}") = "TransConnect", "TransConnect\TransConnect.csproj", "{C1233504-4BF5-46E0-A01C-7D2CA06A4EEC}"
EndProject
Project("{FAE04EC0-301F-11D3-BF4B-00C04F79EFBC}") = "TestProjectTransConnect", "TestProjectTransConnect\TestProjectTransConnect.csproj", "{D0A1A550-88E3-4323-A290-931BCD5D6F4C}"
EndProject
Project("{FAE04EC0-301F-11D3-BF4B-00C04F79EFBC}") = "TestChauffeur", "TestChauffeur\TestChauffeur.csproj", "{A75162D2-5FFC-4985-A334-4E036A876DFD}"
EndProject
Global
	GlobalSection(SolutionConfigurationPlatforms) = preSolution
		Debug|Any CPU = Debug|Any CPU
		Release|Any CPU = Release|Any CPU
	EndGlobalSection
	GlobalSection(ProjectConfigurationPlatforms) = postSolution
		{C1233504-4BF5-46E0-A01C-7D2CA06A4EEC}.Debug|Any CPU.ActiveCfg = Debug|Any CPU
		{C1233504-4BF5-46E0-A01C-7D2CA06A4EEC}.Debug|Any CPU.Build.0 = Debug|Any CPU
		{C1233504-4BF5-46E0-A01C-7D2CA06A4EEC}.Release|Any CPU.ActiveCfg = Release|Any CPU
		{C1233504-4BF5-46E0-A01C-7D2CA06A4EEC}.Release|Any CPU.Build.0 = Release|Any CPU
		{D0A1A550-88E3-4323-A290-931BCD5D6F4C}.Debug|Any CPU.ActiveCfg = Debug|Any CPU
		{D0A1A550-88E3-4323-A290-931BCD5D6F4C}.Debug|Any CPU.Build.0 = Debug|Any CPU
		{D0A1A550-88E3-4323-A290-931BCD5D6F4C}.Release|Any CPU.ActiveCfg = Release|Any CPU
		{D0A1A550-88E3-4323-A290-931BCD5D6F4C}.Release|Any CPU.Build.0 = Release|Any CPU
		{A75162D2-5FFC-4985-A334-4E036A876DFD}.Debug|Any CPU.ActiveCfg = Debug|Any CPU
		{A75162D2-5FFC-4985-A334-4E036A876DFD}.Debug|Any CPU.Build.0 = Debug|Any CPU
		{A75162D2-5FFC-4985-A334-4E036A876DFD}.Release|Any CPU.ActiveCfg = Release|Any CPU
		{A75162D2-5FFC-4985-A334-4E036A876DFD}.Release|Any CPU.Build.0 = Release|Any CPU
	EndGlobalSection
	GlobalSection(SolutionProperties) = preSolution
		HideSolutionNode = FALSE
	EndGlobalSection
	GlobalSection(ExtensibilityGlobals) = postSolution
		SolutionGuid = {91ACD747-A8AE-43C2-8662-DB1E6592ABC2}
	EndGlobalSection
EndGlobal
